
Microsoft Visual Studio Solution File, Format Version 12.00
# Visual Studio Version 17
VisualStudioVersion = 17.0.31903.59
MinimumVisualStudioVersion = 10.0.40219.1
Project("{FAE04EC0-301F-11D3-BF4B-00C04F79EFBC}") = "quadratic_equation_c#", "quadratic_equation_c#\quadratic_equation_c#.csproj", "{3B3FC3AC-4563-4FCA-8FE4-58888E1049D5}"
EndProject
Project("{FAE04EC0-301F-11D3-BF4B-00C04F79EFBC}") = "sorting", "..\sorting\sorting\sorting.csproj", "{F91FD136-0DA6-4BDB-B238-F02764BEC641}"
EndProject
Global
	GlobalSection(SolutionConfigurationPlatforms) = preSolution
		Debug|Any CPU = Debug|Any CPU
		Release|Any CPU = Release|Any CPU
	EndGlobalSection
	GlobalSection(SolutionProperties) = preSolution
		HideSolutionNode = FALSE
	EndGlobalSection
	GlobalSection(ProjectConfigurationPlatforms) = postSolution
		{3B3FC3AC-4563-4FCA-8FE4-58888E1049D5}.Debug|Any CPU.ActiveCfg = Debug|Any CPU
		{3B3FC3AC-4563-4FCA-8FE4-58888E1049D5}.Debug|Any CPU.Build.0 = Debug|Any CPU
		{3B3FC3AC-4563-4FCA-8FE4-58888E1049D5}.Release|Any CPU.ActiveCfg = Release|Any CPU
		{3B3FC3AC-4563-4FCA-8FE4-58888E1049D5}.Release|Any CPU.Build.0 = Release|Any CPU
		{F91FD136-0DA6-4BDB-B238-F02764BEC641}.Debug|Any CPU.ActiveCfg = Debug|Any CPU
		{F91FD136-0DA6-4BDB-B238-F02764BEC641}.Debug|Any CPU.Build.0 = Debug|Any CPU
		{F91FD136-0DA6-4BDB-B238-F02764BEC641}.Release|Any CPU.ActiveCfg = Release|Any CPU
		{F91FD136-0DA6-4BDB-B238-F02764BEC641}.Release|Any CPU.Build.0 = Release|Any CPU
	EndGlobalSection
EndGlobal
